
Microsoft Visual Studio Solution File, Format Version 12.00
# Visual Studio Version 17
VisualStudioVersion = 17.2.32630.192
MinimumVisualStudioVersion = 10.0.40219.1
Project("{8BC9CEB8-8B4A-11D0-8D11-00A0C91BC942}") = "Longest prefix which is also suffix", "Longest prefix which is also suffix\Longest prefix which is also suffix.vcxproj", "{C7A83959-E83B-432F-9A64-51F81F0CF676}"
EndProject
Global
	GlobalSection(SolutionConfigurationPlatforms) = preSolution
		Debug|x64 = Debug|x64
		Debug|x86 = Debug|x86
		Release|x64 = Release|x64
		Release|x86 = Release|x86
	EndGlobalSection
	GlobalSection(ProjectConfigurationPlatforms) = postSolution
		{C7A83959-E83B-432F-9A64-51F81F0CF676}.Debug|x64.ActiveCfg = Debug|x64
		{C7A83959-E83B-432F-9A64-51F81F0CF676}.Debug|x64.Build.0 = Debug|x64
		{C7A83959-E83B-432F-9A64-51F81F0CF676}.Debug|x86.ActiveCfg = Debug|Win32
		{C7A83959-E83B-432F-9A64-51F81F0CF676}.Debug|x86.Build.0 = Debug|Win32
		{C7A83959-E83B-432F-9A64-51F81F0CF676}.Release|x64.ActiveCfg = Release|x64
		{C7A83959-E83B-432F-9A64-51F81F0CF676}.Release|x64.Build.0 = Release|x64
		{C7A83959-E83B-432F-9A64-51F81F0CF676}.Release|x86.ActiveCfg = Release|Win32
		{C7A83959-E83B-432F-9A64-51F81F0CF676}.Release|x86.Build.0 = Release|Win32
	EndGlobalSection
	GlobalSection(SolutionProperties) = preSolution
		HideSolutionNode = FALSE
	EndGlobalSection
	GlobalSection(ExtensibilityGlobals) = postSolution
		SolutionGuid = {A638143B-7B5B-4588-AAEB-B70462E23D6F}
	EndGlobalSection
EndGlobal
